
Microsoft Visual Studio Solution File, Format Version 12.00
# Visual Studio Version 16
VisualStudioVersion = 16.0.31911.196
MinimumVisualStudioVersion = 10.0.40219.1
Project("{FAE04EC0-301F-11D3-BF4B-00C04F79EFBC}") = "Activities Inspector", "Activities Inspector\Activities Inspector.csproj", "{8D42378C-8363-4778-8EDF-89A0F74146BD}"
EndProject
Global
	GlobalSection(SolutionConfigurationPlatforms) = preSolution
		Debug|Any CPU = Debug|Any CPU
		Release|Any CPU = Release|Any CPU
	EndGlobalSection
	GlobalSection(ProjectConfigurationPlatforms) = postSolution
		{8D42378C-8363-4778-8EDF-89A0F74146BD}.Debug|Any CPU.ActiveCfg = Debug|Any CPU
		{8D42378C-8363-4778-8EDF-89A0F74146BD}.Debug|Any CPU.Build.0 = Debug|Any CPU
		{8D42378C-8363-4778-8EDF-89A0F74146BD}.Release|Any CPU.ActiveCfg = Release|Any CPU
		{8D42378C-8363-4778-8EDF-89A0F74146BD}.Release|Any CPU.Build.0 = Release|Any CPU
	EndGlobalSection
	GlobalSection(SolutionProperties) = preSolution
		HideSolutionNode = FALSE
	EndGlobalSection
	GlobalSection(ExtensibilityGlobals) = postSolution
		SolutionGuid = {2A4D8770-1AD1-4DC9-AE07-88A7467EFECA}
	EndGlobalSection
EndGlobal
